
Microsoft Visual Studio Solution File, Format Version 12.00
# Visual Studio Version 17
VisualStudioVersion = 17.6.33723.286
MinimumVisualStudioVersion = 10.0.40219.1
Project("{FAE04EC0-301F-11D3-BF4B-00C04F79EFBC}") = "CommunityLibrarySystem", "CommunityLibrarySystem\CommunityLibrarySystem.csproj", "{5DE1CB15-1394-4334-8DBF-62B3EA69FD4F}"
EndProject
Global
	GlobalSection(SolutionConfigurationPlatforms) = preSolution
		Debug|Any CPU = Debug|Any CPU
		Release|Any CPU = Release|Any CPU
	EndGlobalSection
	GlobalSection(ProjectConfigurationPlatforms) = postSolution
		{5DE1CB15-1394-4334-8DBF-62B3EA69FD4F}.Debug|Any CPU.ActiveCfg = Debug|Any CPU
		{5DE1CB15-1394-4334-8DBF-62B3EA69FD4F}.Debug|Any CPU.Build.0 = Debug|Any CPU
		{5DE1CB15-1394-4334-8DBF-62B3EA69FD4F}.Release|Any CPU.ActiveCfg = Release|Any CPU
		{5DE1CB15-1394-4334-8DBF-62B3EA69FD4F}.Release|Any CPU.Build.0 = Release|Any CPU
	EndGlobalSection
	GlobalSection(SolutionProperties) = preSolution
		HideSolutionNode = FALSE
	EndGlobalSection
	GlobalSection(ExtensibilityGlobals) = postSolution
		SolutionGuid = {6A505F9C-15E4-40C7-82E4-4BA524D566F6}
	EndGlobalSection
EndGlobal
